// !$*UTF8*$!
{
	archiveVersion = 1;
	classes = {
	};
	objectVersion = 55;
	objects = {

/* Begin PBXBuildFile section */
		5219B27328D455D300BF4C02 /* Tests_iOS.swift in Sources */ = {isa = PBXBuildFile; fileRef = 5219B27228D455D300BF4C02 /* Tests_iOS.swift */; };
		5219B27528D455D300BF4C02 /* Tests_iOSLaunchTests.swift in Sources */ = {isa = PBXBuildFile; fileRef = 5219B27428D455D300BF4C02 /* Tests_iOSLaunchTests.swift */; };
		5219B27F28D455D300BF4C02 /* Tests_macOS.swift in Sources */ = {isa = PBXBuildFile; fileRef = 5219B27E28D455D300BF4C02 /* Tests_macOS.swift */; };
		5219B28128D455D300BF4C02 /* Tests_macOSLaunchTests.swift in Sources */ = {isa = PBXBuildFile; fileRef = 5219B28028D455D300BF4C02 /* Tests_macOSLaunchTests.swift */; };
		5219B28228D455D300BF4C02 /* Task3App.swift in Sources */ = {isa = PBXBuildFile; fileRef = 5219B25A28D455D200BF4C02 /* Task3App.swift */; };
		5219B28328D455D300BF4C02 /* Task3App.swift in Sources */ = {isa = PBXBuildFile; fileRef = 5219B25A28D455D200BF4C02 /* Task3App.swift */; };
		5219B28428D455D300BF4C02 /* ContentView.swift in Sources */ = {isa = PBXBuildFile; fileRef = 5219B25B28D455D200BF4C02 /* ContentView.swift */; };
		5219B28528D455D300BF4C02 /* ContentView.swift in Sources */ = {isa = PBXBuildFile; fileRef = 5219B25B28D455D200BF4C02 /* ContentView.swift */; };
		5219B28628D455D300BF4C02 /* Assets.xcassets in Resources */ = {isa = PBXBuildFile; fileRef = 5219B25C28D455D300BF4C02 /* Assets.xcassets */; };
		5219B28728D455D300BF4C02 /* Assets.xcassets in Resources */ = {isa = PBXBuildFile; fileRef = 5219B25C28D455D300BF4C02 /* Assets.xcassets */; };
		5219B29728D4561B00BF4C02 /* SeeAllView.swift in Sources */ = {isa = PBXBuildFile; fileRef = 5219B29628D4561B00BF4C02 /* SeeAllView.swift */; };
		5219B29828D4561B00BF4C02 /* SeeAllView.swift in Sources */ = {isa = PBXBuildFile; fileRef = 5219B29628D4561B00BF4C02 /* SeeAllView.swift */; };
		5219B29A28D4563A00BF4C02 /* Screen1.swift in Sources */ = {isa = PBXBuildFile; fileRef = 5219B29928D4563A00BF4C02 /* Screen1.swift */; };
		5219B29B28D4563A00BF4C02 /* Screen1.swift in Sources */ = {isa = PBXBuildFile; fileRef = 5219B29928D4563A00BF4C02 /* Screen1.swift */; };
/* End PBXBuildFile section */

/* Begin PBXContainerItemProxy section */
		5219B26F28D455D300BF4C02 /* PBXContainerItemProxy */ = {
			isa = PBXContainerItemProxy;
			containerPortal = 5219B25528D455D100BF4C02 /* Project object */;
			proxyType = 1;
			remoteGlobalIDString = 5219B26028D455D300BF4C02;
			remoteInfo = "Task3 (iOS)";
		};
		5219B27B28D455D300BF4C02 /* PBXContainerItemProxy */ = {
			isa = PBXContainerItemProxy;
			containerPortal = 5219B25528D455D100BF4C02 /* Project object */;
			proxyType = 1;
			remoteGlobalIDString = 5219B26628D455D300BF4C02;
			remoteInfo = "Task3 (macOS)";
		};
/* End PBXContainerItemProxy section */

/* Begin PBXFileReference section */
		5219B25A28D455D200BF4C02 /* Task3App.swift */ = {isa = PBXFileReference; lastKnownFileType = sourcecode.swift; path = Task3App.swift; sourceTree = "<group>"; };
		5219B25B28D455D200BF4C02 /* ContentView.swift */ = {isa = PBXFileReference; lastKnownFileType = sourcecode.swift; path = ContentView.swift; sourceTree = "<group>"; };
		5219B25C28D455D300BF4C02 /* Assets.xcassets */ = {isa = PBXFileReference; lastKnownFileType = folder.assetcatalog; path = Assets.xcassets; sourceTree = "<group>"; };
		5219B26128D455D300BF4C02 /* Task3.app */ = {isa = PBXFileReference; explicitFileType = wrapper.application; includeInIndex = 0; path = Task3.app; sourceTree = BUILT_PRODUCTS_DIR; };
		5219B26728D455D300BF4C02 /* Task3.app */ = {isa = PBXFileReference; explicitFileType = wrapper.application; includeInIndex = 0; path = Task3.app; sourceTree = BUILT_PRODUCTS_DIR; };
		5219B26928D455D300BF4C02 /* macOS.entitlements */ = {isa = PBXFileReference; lastKnownFileType = text.plist.entitlements; path = macOS.entitlements; sourceTree = "<group>"; };
		5219B26E28D455D300BF4C02 /* Tests iOS.xctest */ = {isa = PBXFileReference; explicitFileType = wrapper.cfbundle; includeInIndex = 0; path = "Tests iOS.xctest"; sourceTree = BUILT_PRODUCTS_DIR; };
		5219B27228D455D300BF4C02 /* Tests_iOS.swift */ = {isa = PBXFileReference; lastKnownFileType = sourcecode.swift; path = Tests_iOS.swift; sourceTree = "<group>"; };
		5219B27428D455D300BF4C02 /* Tests_iOSLaunchTests.swift */ = {isa = PBXFileReference; lastKnownFileType = sourcecode.swift; path = Tests_iOSLaunchTests.swift; sourceTree = "<group>"; };
		5219B27A28D455D300BF4C02 /* Tests macOS.xctest */ = {isa = PBXFileReference; explicitFileType = wrapper.cfbundle; includeInIndex = 0; path = "Tests macOS.xctest"; sourceTree = BUILT_PRODUCTS_DIR; };
		5219B27E28D455D300BF4C02 /* Tests_macOS.swift */ = {isa = PBXFileReference; lastKnownFileType = sourcecode.swift; path = Tests_macOS.swift; sourceTree = "<group>"; };
		5219B28028D455D300BF4C02 /* Tests_macOSLaunchTests.swift */ = {isa = PBXFileReference; lastKnownFileType = sourcecode.swift; path = Tests_macOSLaunchTests.swift; sourceTree = "<group>"; };
		5219B29628D4561B00BF4C02 /* SeeAllView.swift */ = {isa = PBXFileReference; lastKnownFileType = sourcecode.swift; path = SeeAllView.swift; sourceTree = "<group>"; };
		5219B29928D4563A00BF4C02 /* Screen1.swift */ = {isa = PBXFileReference; lastKnownFileType = sourcecode.swift; path = Screen1.swift; sourceTree = "<group>"; };
/* End PBXFileReference section */

/* Begin PBXFrameworksBuildPhase section */
		5219B25E28D455D300BF4C02 /* Frameworks */ = {
			isa = PBXFrameworksBuildPhase;
			buildActionMask = 2147483647;
			files = (
			);
			runOnlyForDeploymentPostprocessing = 0;
		};
		5219B26428D455D300BF4C02 /* Frameworks */ = {
			isa = PBXFrameworksBuildPhase;
			buildActionMask = 2147483647;
			files = (
			);
			runOnlyForDeploymentPostprocessing = 0;
		};
		5219B26B28D455D300BF4C02 /* Frameworks */ = {
			isa = PBXFrameworksBuildPhase;
			buildActionMask = 2147483647;
			files = (
			);
			runOnlyForDeploymentPostprocessing = 0;
		};
		5219B27728D455D300BF4C02 /* Frameworks */ = {
			isa = PBXFrameworksBuildPhase;
			buildActionMask = 2147483647;
			files = (
			);
			runOnlyForDeploymentPostprocessing = 0;
		};
/* End PBXFrameworksBuildPhase section */

/* Begin PBXGroup section */
		5219B25428D455D100BF4C02 = {
			isa = PBXGroup;
			children = (
				5219B25928D455D200BF4C02 /* Shared */,
				5219B26828D455D300BF4C02 /* macOS */,
				5219B27128D455D300BF4C02 /* Tests iOS */,
				5219B27D28D455D300BF4C02 /* Tests macOS */,
				5219B26228D455D300BF4C02 /* Products */,
			);
			sourceTree = "<group>";
		};
		5219B25928D455D200BF4C02 /* Shared */ = {
			isa = PBXGroup;
			children = (
				5219B25A28D455D200BF4C02 /* Task3App.swift */,
				5219B25B28D455D200BF4C02 /* ContentView.swift */,
				5219B29928D4563A00BF4C02 /* Screen1.swift */,
				5219B25C28D455D300BF4C02 /* Assets.xcassets */,
				5219B29628D4561B00BF4C02 /* SeeAllView.swift */,
			);
			path = Shared;
			sourceTree = "<group>";
		};
		5219B26228D455D300BF4C02 /* Products */ = {
			isa = PBXGroup;
			children = (
				5219B26128D455D300BF4C02 /* Task3.app */,
				5219B26728D455D300BF4C02 /* Task3.app */,
				5219B26E28D455D300BF4C02 /* Tests iOS.xctest */,
				5219B27A28D455D300BF4C02 /* Tests macOS.xctest */,
			);
			name = Products;
			sourceTree = "<group>";
		};
		5219B26828D455D300BF4C02 /* macOS */ = {
			isa = PBXGroup;
			children = (
				5219B26928D455D300BF4C02 /* macOS.entitlements */,
			);
			path = macOS;
			sourceTree = "<group>";
		};
		5219B27128D455D300BF4C02 /* Tests iOS */ = {
			isa = PBXGroup;
			children = (
				5219B27228D455D300BF4C02 /* Tests_iOS.swift */,
				5219B27428D455D300BF4C02 /* Tests_iOSLaunchTests.swift */,
			);
			path = "Tests iOS";
			sourceTree = "<group>";
		};
		5219B27D28D455D300BF4C02 /* Tests macOS */ = {
			isa = PBXGroup;
			children = (
				5219B27E28D455D300BF4C02 /* Tests_macOS.swift */,
				5219B28028D455D300BF4C02 /* Tests_macOSLaunchTests.swift */,
			);
			path = "Tests macOS";
			sourceTree = "<group>";
		};
/* End PBXGroup section */

/* Begin PBXNativeTarget section */
		5219B26028D455D300BF4C02 /* Task3 (iOS) */ = {
			isa = PBXNativeTarget;
			buildConfigurationList = 5219B28A28D455D300BF4C02 /* Build configuration list for PBXNativeTarget "Task3 (iOS)" */;
			buildPhases = (
				5219B25D28D455D300BF4C02 /* Sources */,
				5219B25E28D455D300BF4C02 /* Frameworks */,
				5219B25F28D455D300BF4C02 /* Resources */,
			);
			buildRules = (
			);
			dependencies = (
			);
			name = "Task3 (iOS)";
			productName = "Task3 (iOS)";
			productReference = 5219B26128D455D300BF4C02 /* Task3.app */;
			productType = "com.apple.product-type.application";
		};
		5219B26628D455D300BF4C02 /* Task3 (macOS) */ = {
			isa = PBXNativeTarget;
			buildConfigurationList = 5219B28D28D455D300BF4C02 /* Build configuration list for PBXNativeTarget "Task3 (macOS)" */;
			buildPhases = (
				5219B26328D455D300BF4C02 /* Sources */,
				5219B26428D455D300BF4C02 /* Frameworks */,
				5219B26528D455D300BF4C02 /* Resources */,
			);
			buildRules = (
			);
			dependencies = (
			);
			name = "Task3 (macOS)";
			productName = "Task3 (macOS)";
			productReference = 5219B26728D455D300BF4C02 /* Task3.app */;
			productType = "com.apple.product-type.application";
		};
		5219B26D28D455D300BF4C02 /* Tests iOS */ = {
			isa = PBXNativeTarget;
			buildConfigurationList = 5219B29028D455D300BF4C02 /* Build configuration list for PBXNativeTarget "Tests iOS" */;
			buildPhases = (
				5219B26A28D455D300BF4C02 /* Sources */,
				5219B26B28D455D300BF4C02 /* Frameworks */,
				5219B26C28D455D300BF4C02 /* Resources */,
			);
			buildRules = (
			);
			dependencies = (
				5219B27028D455D300BF4C02 /* PBXTargetDependency */,
			);
			name = "Tests iOS";
			productName = "Tests iOS";
			productReference = 5219B26E28D455D300BF4C02 /* Tests iOS.xctest */;
			productType = "com.apple.product-type.bundle.ui-testing";
		};
		5219B27928D455D300BF4C02 /* Tests macOS */ = {
			isa = PBXNativeTarget;
			buildConfigurationList = 5219B29328D455D300BF4C02 /* Build configuration list for PBXNativeTarget "Tests macOS" */;
			buildPhases = (
				5219B27628D455D300BF4C02 /* Sources */,
				5219B27728D455D300BF4C02 /* Frameworks */,
				5219B27828D455D300BF4C02 /* Resources */,
			);
			buildRules = (
			);
			dependencies = (
				5219B27C28D455D300BF4C02 /* PBXTargetDependency */,
			);
			name = "Tests macOS";
			productName = "Tests macOS";
			productReference = 5219B27A28D455D300BF4C02 /* Tests macOS.xctest */;
			productType = "com.apple.product-type.bundle.ui-testing";
		};
/* End PBXNativeTarget section */

/* Begin PBXProject section */
		5219B25528D455D100BF4C02 /* Project object */ = {
			isa = PBXProject;
			attributes = {
				BuildIndependentTargetsInParallel = 1;
				LastSwiftUpdateCheck = 1340;
				LastUpgradeCheck = 1340;
				TargetAttributes = {
					5219B26028D455D300BF4C02 = {
						CreatedOnToolsVersion = 13.4.1;
					};
					5219B26628D455D300BF4C02 = {
						CreatedOnToolsVersion = 13.4.1;
					};
					5219B26D28D455D300BF4C02 = {
						CreatedOnToolsVersion = 13.4.1;
						TestTargetID = 5219B26028D455D300BF4C02;
					};
					5219B27928D455D300BF4C02 = {
						CreatedOnToolsVersion = 13.4.1;
						TestTargetID = 5219B26628D455D300BF4C02;
					};
				};
			};
			buildConfigurationList = 5219B25828D455D100BF4C02 /* Build configuration list for PBXProject "Task3" */;
			compatibilityVersion = "Xcode 13.0";
			developmentRegion = en;
			hasScannedForEncodings = 0;
			knownRegions = (
				en,
				Base,
			);
			mainGroup = 5219B25428D455D100BF4C02;
			productRefGroup = 5219B26228D455D300BF4C02 /* Products */;
			projectDirPath = "";
			projectRoot = "";
			targets = (
				5219B26028D455D300BF4C02 /* Task3 (iOS) */,
				5219B26628D455D300BF4C02 /* Task3 (macOS) */,
				5219B26D28D455D300BF4C02 /* Tests iOS */,
				5219B27928D455D300BF4C02 /* Tests macOS */,
			);
		};
/* End PBXProject section */

/* Begin PBXResourcesBuildPhase section */
		5219B25F28D455D300BF4C02 /* Resources */ = {
			isa = PBXResourcesBuildPhase;
			buildActionMask = 2147483647;
			files = (
				5219B28628D455D300BF4C02 /* Assets.xcassets in Resources */,
			);
			runOnlyForDeploymentPostprocessing = 0;
		};
		5219B26528D455D300BF4C02 /* Resources */ = {
			isa = PBXResourcesBuildPhase;
			buildActionMask = 2147483647;
			files = (
				5219B28728D455D300BF4C02 /* Assets.xcassets in Resources */,
			);
			runOnlyForDeploymentPostprocessing = 0;
		};
		5219B26C28D455D300BF4C02 /* Resources */ = {
			isa = PBXResourcesBuildPhase;
			buildActionMask = 2147483647;
			files = (
			);
			runOnlyForDeploymentPostprocessing = 0;
		};
		5219B27828D455D300BF4C02 /* Resources */ = {
			isa = PBXResourcesBuildPhase;
			buildActionMask = 2147483647;
			files = (
			);
			runOnlyForDeploymentPostprocessing = 0;
		};
/* End PBXResourcesBuildPhase section */

/* Begin PBXSourcesBuildPhase section */
		5219B25D28D455D300BF4C02 /* Sources */ = {
			isa = PBXSourcesBuildPhase;
			buildActionMask = 2147483647;
			files = (
				5219B29728D4561B00BF4C02 /* SeeAllView.swift in Sources */,
				5219B29A28D4563A00BF4C02 /* Screen1.swift in Sources */,
				5219B28428D455D300BF4C02 /* ContentView.swift in Sources */,
				5219B28228D455D300BF4C02 /* Task3App.swift in Sources */,
			);
			runOnlyForDeploymentPostprocessing = 0;
		};
		5219B26328D455D300BF4C02 /* Sources */ = {
			isa = PBXSourcesBuildPhase;
			buildActionMask = 2147483647;
			files = (
				5219B29828D4561B00BF4C02 /* SeeAllView.swift in Sources */,
				5219B29B28D4563A00BF4C02 /* Screen1.swift in Sources */,
				5219B28528D455D300BF4C02 /* ContentView.swift in Sources */,
				5219B28328D455D300BF4C02 /* Task3App.swift in Sources */,
			);
			runOnlyForDeploymentPostprocessing = 0;
		};
		5219B26A28D455D300BF4C02 /* Sources */ = {
			isa = PBXSourcesBuildPhase;
			buildActionMask = 2147483647;
			files = (
				5219B27528D455D300BF4C02 /* Tests_iOSLaunchTests.swift in Sources */,
				5219B27328D455D300BF4C02 /* Tests_iOS.swift in Sources */,
			);
			runOnlyForDeploymentPostprocessing = 0;
		};
		5219B27628D455D300BF4C02 /* Sources */ = {
			isa = PBXSourcesBuildPhase;
			buildActionMask = 2147483647;
			files = (
				5219B28128D455D300BF4C02 /* Tests_macOSLaunchTests.swift in Sources */,
				5219B27F28D455D300BF4C02 /* Tests_macOS.swift in Sources */,
			);
			runOnlyForDeploymentPostprocessing = 0;
		};
/* End PBXSourcesBuildPhase section */

/* Begin PBXTargetDependency section */
		5219B27028D455D300BF4C02 /* PBXTargetDependency */ = {
			isa = PBXTargetDependency;
			target = 5219B26028D455D300BF4C02 /* Task3 (iOS) */;
			targetProxy = 5219B26F28D455D300BF4C02 /* PBXContainerItemProxy */;
		};
		5219B27C28D455D300BF4C02 /* PBXTargetDependency */ = {
			isa = PBXTargetDependency;
			target = 5219B26628D455D300BF4C02 /* Task3 (macOS) */;
			targetProxy = 5219B27B28D455D300BF4C02 /* PBXContainerItemProxy */;
		};
/* End PBXTargetDependency section */

/* Begin XCBuildConfiguration section */
		5219B28828D455D300BF4C02 /* Debug */ = {
			isa = XCBuildConfiguration;
			buildSettings = {
				ALWAYS_SEARCH_USER_PATHS = NO;
				CLANG_ANALYZER_NONNULL = YES;
				CLANG_ANALYZER_NUMBER_OBJECT_CONVERSION = YES_AGGRESSIVE;
				CLANG_CXX_LANGUAGE_STANDARD = "gnu++17";
				CLANG_ENABLE_MODULES = YES;
				CLANG_ENABLE_OBJC_ARC = YES;
				CLANG_ENABLE_OBJC_WEAK = YES;
				CLANG_WARN_BLOCK_CAPTURE_AUTORELEASING = YES;
				CLANG_WARN_BOOL_CONVERSION = YES;
				CLANG_WARN_COMMA = YES;
				CLANG_WARN_CONSTANT_CONVERSION = YES;
				CLANG_WARN_DEPRECATED_OBJC_IMPLEMENTATIONS = YES;
				CLANG_WARN_DIRECT_OBJC_ISA_USAGE = YES_ERROR;
				CLANG_WARN_DOCUMENTATION_COMMENTS = YES;
				CLANG_WARN_EMPTY_BODY = YES;
				CLANG_WARN_ENUM_CONVERSION = YES;
				CLANG_WARN_INFINITE_RECURSION = YES;
				CLANG_WARN_INT_CONVERSION = YES;
				CLANG_WARN_NON_LITERAL_NULL_CONVERSION = YES;
				CLANG_WARN_OBJC_IMPLICIT_RETAIN_SELF = YES;
				CLANG_WARN_OBJC_LITERAL_CONVERSION = YES;
				CLANG_WARN_OBJC_ROOT_CLASS = YES_ERROR;
				CLANG_WARN_QUOTED_INCLUDE_IN_FRAMEWORK_HEADER = YES;
				CLANG_WARN_RANGE_LOOP_ANALYSIS = YES;
				CLANG_WARN_STRICT_PROTOTYPES = YES;
				CLANG_WARN_SUSPICIOUS_MOVE = YES;
				CLANG_WARN_UNGUARDED_AVAILABILITY = YES_AGGRESSIVE;
				CLANG_WARN_UNREACHABLE_CODE = YES;
				CLANG_WARN__DUPLICATE_METHOD_MATCH = YES;
				COPY_PHASE_STRIP = NO;
				DEBUG_INFORMATION_FORMAT = dwarf;
				ENABLE_STRICT_OBJC_MSGSEND = YES;
				ENABLE_TESTABILITY = YES;
				GCC_C_LANGUAGE_STANDARD = gnu11;
				GCC_DYNAMIC_NO_PIC = NO;
				GCC_NO_COMMON_BLOCKS = YES;
				GCC_OPTIMIZATION_LEVEL = 0;
				GCC_PREPROCESSOR_DEFINITIONS = (
					"DEBUG=1",
					"$(inherited)",
				);
				GCC_WARN_64_TO_32_BIT_CONVERSION = YES;
				GCC_WARN_ABOUT_RETURN_TYPE = YES_ERROR;
				GCC_WARN_UNDECLARED_SELECTOR = YES;
				GCC_WARN_UNINITIALIZED_AUTOS = YES_AGGRESSIVE;
				GCC_WARN_UNUSED_FUNCTION = YES;
				GCC_WARN_UNUSED_VARIABLE = YES;
				MTL_ENABLE_DEBUG_INFO = INCLUDE_SOURCE;
				MTL_FAST_MATH = YES;
				ONLY_ACTIVE_ARCH = YES;
				SWIFT_ACTIVE_COMPILATION_CONDITIONS = DEBUG;
				SWIFT_OPTIMIZATION_LEVEL = "-Onone";
			};
			name = Debug;
		};
		5219B28928D455D300BF4C02 /* Release */ = {
			isa = XCBuildConfiguration;
			buildSettings = {
				ALWAYS_SEARCH_USER_PATHS = NO;
				CLANG_ANALYZER_NONNULL = YES;
				CLANG_ANALYZER_NUMBER_OBJECT_CONVERSION = YES_AGGRESSIVE;
				CLANG_CXX_LANGUAGE_STANDARD = "gnu++17";
				CLANG_ENABLE_MODULES = YES;
				CLANG_ENABLE_OBJC_ARC = YES;
				CLANG_ENABLE_OBJC_WEAK = YES;
				CLANG_WARN_BLOCK_CAPTURE_AUTORELEASING = YES;
				CLANG_WARN_BOOL_CONVERSION = YES;
				CLANG_WARN_COMMA = YES;
				CLANG_WARN_CONSTANT_CONVERSION = YES;
				CLANG_WARN_DEPRECATED_OBJC_IMPLEMENTATIONS = YES;
				CLANG_WARN_DIRECT_OBJC_ISA_USAGE = YES_ERROR;
				CLANG_WARN_DOCUMENTATION_COMMENTS = YES;
				CLANG_WARN_EMPTY_BODY = YES;
				CLANG_WARN_ENUM_CONVERSION = YES;
				CLANG_WARN_INFINITE_RECURSION = YES;
				CLANG_WARN_INT_CONVERSION = YES;
				CLANG_WARN_NON_LITERAL_NULL_CONVERSION = YES;
				CLANG_WARN_OBJC_IMPLICIT_RETAIN_SELF = YES;
				CLANG_WARN_OBJC_LITERAL_CONVERSION = YES;
				CLANG_WARN_OBJC_ROOT_CLASS = YES_ERROR;
				CLANG_WARN_QUOTED_INCLUDE_IN_FRAMEWORK_HEADER = YES;
				CLANG_WARN_RANGE_LOOP_ANALYSIS = YES;
				CLANG_WARN_STRICT_PROTOTYPES = YES;
				CLANG_WARN_SUSPICIOUS_MOVE = YES;
				CLANG_WARN_UNGUARDED_AVAILABILITY = YES_AGGRESSIVE;
				CLANG_WARN_UNREACHABLE_CODE = YES;
				CLANG_WARN__DUPLICATE_METHOD_MATCH = YES;
				COPY_PHASE_STRIP = NO;
				DEBUG_INFORMATION_FORMAT = "dwarf-with-dsym";
				ENABLE_NS_ASSERTIONS = NO;
				ENABLE_STRICT_OBJC_MSGSEND = YES;
				GCC_C_LANGUAGE_STANDARD = gnu11;
				GCC_NO_COMMON_BLOCKS = YES;
				GCC_WARN_64_TO_32_BIT_CONVERSION = YES;
				GCC_WARN_ABOUT_RETURN_TYPE = YES_ERROR;
				GCC_WARN_UNDECLARED_SELECTOR = YES;
				GCC_WARN_UNINITIALIZED_AUTOS = YES_AGGRESSIVE;
				GCC_WARN_UNUSED_FUNCTION = YES;
				GCC_WARN_UNUSED_VARIABLE = YES;
				MTL_ENABLE_DEBUG_INFO = NO;
				MTL_FAST_MATH = YES;
				SWIFT_COMPILATION_MODE = wholemodule;
				SWIFT_OPTIMIZATION_LEVEL = "-O";
			};
			name = Release;
		};
		5219B28B28D455D300BF4C02 /* Debug */ = {
			isa = XCBuildConfiguration;
			buildSettings = {
				ASSETCATALOG_COMPILER_APPICON_NAME = AppIcon;
				ASSETCATALOG_COMPILER_GLOBAL_ACCENT_COLOR_NAME = AccentColor;
				CODE_SIGN_STYLE = Automatic;
				CURRENT_PROJECT_VERSION = 1;
				ENABLE_PREVIEWS = YES;
				GENERATE_INFOPLIST_FILE = YES;
				INFOPLIST_KEY_UIApplicationSceneManifest_Generation = YES;
				INFOPLIST_KEY_UIApplicationSupportsIndirectInputEvents = YES;
				INFOPLIST_KEY_UILaunchScreen_Generation = YES;
				INFOPLIST_KEY_UISupportedInterfaceOrientations_iPad = "UIInterfaceOrientationPortrait UIInterfaceOrientationPortraitUpsideDown UIInterfaceOrientationLandscapeLeft UIInterfaceOrientationLandscapeRight";
				INFOPLIST_KEY_UISupportedInterfaceOrientations_iPhone = "UIInterfaceOrientationPortrait UIInterfaceOrientationLandscapeLeft UIInterfaceOrientationLandscapeRight";
				IPHONEOS_DEPLOYMENT_TARGET = 15.5;
				LD_RUNPATH_SEARCH_PATHS = (
					"$(inherited)",
					"@executable_path/Frameworks",
				);
				MARKETING_VERSION = 1.0;
				PRODUCT_BUNDLE_IDENTIFIER = com.skyraan.swiftUIsection1.Task3;
				PRODUCT_NAME = Task3;
				SDKROOT = iphoneos;
				SWIFT_EMIT_LOC_STRINGS = YES;
				SWIFT_VERSION = 5.0;
				TARGETED_DEVICE_FAMILY = "1,2";
			};
			name = Debug;
		};
		5219B28C28D455D300BF4C02 /* Release */ = {
			isa = XCBuildConfiguration;
			buildSettings = {
				ASSETCATALOG_COMPILER_APPICON_NAME = AppIcon;
				ASSETCATALOG_COMPILER_GLOBAL_ACCENT_COLOR_NAME = AccentColor;
				CODE_SIGN_STYLE = Automatic;
				CURRENT_PROJECT_VERSION = 1;
				ENABLE_PREVIEWS = YES;
				GENERATE_INFOPLIST_FILE = YES;
				INFOPLIST_KEY_UIApplicationSceneManifest_Generation = YES;
				INFOPLIST_KEY_UIApplicationSupportsIndirectInputEvents = YES;
				INFOPLIST_KEY_UILaunchScreen_Generation = YES;
				INFOPLIST_KEY_UISupportedInterfaceOrientations_iPad = "UIInterfaceOrientationPortrait UIInterfaceOrientationPortraitUpsideDown UIInterfaceOrientationLandscapeLeft UIInterfaceOrientationLandscapeRight";
				INFOPLIST_KEY_UISupportedInterfaceOrientations_iPhone = "UIInterfaceOrientationPortrait UIInterfaceOrientationLandscapeLeft UIInterfaceOrientationLandscapeRight";
				IPHONEOS_DEPLOYMENT_TARGET = 15.5;
				LD_RUNPATH_SEARCH_PATHS = (
					"$(inherited)",
					"@executable_path/Frameworks",
				);
				MARKETING_VERSION = 1.0;
				PRODUCT_BUNDLE_IDENTIFIER = com.skyraan.swiftUIsection1.Task3;
				PRODUCT_NAME = Task3;
				SDKROOT = iphoneos;
				SWIFT_EMIT_LOC_STRINGS = YES;
				SWIFT_VERSION = 5.0;
				TARGETED_DEVICE_FAMILY = "1,2";
				VALIDATE_PRODUCT = YES;
			};
			name = Release;
		};
		5219B28E28D455D300BF4C02 /* Debug */ = {
			isa = XCBuildConfiguration;
			buildSettings = {
				ASSETCATALOG_COMPILER_APPICON_NAME = AppIcon;
				ASSETCATALOG_COMPILER_GLOBAL_ACCENT_COLOR_NAME = AccentColor;
				CODE_SIGN_ENTITLEMENTS = macOS/macOS.entitlements;
				CODE_SIGN_STYLE = Automatic;
				COMBINE_HIDPI_IMAGES = YES;
				CURRENT_PROJECT_VERSION = 1;
				ENABLE_PREVIEWS = YES;
				GENERATE_INFOPLIST_FILE = YES;
				INFOPLIST_KEY_NSHumanReadableCopyright = "";
				LD_RUNPATH_SEARCH_PATHS = (
					"$(inherited)",
					"@executable_path/../Frameworks",
				);
				MACOSX_DEPLOYMENT_TARGET = 12.3;
				MARKETING_VERSION = 1.0;
				PRODUCT_BUNDLE_IDENTIFIER = com.skyraan.swiftUIsection1.Task3;
				PRODUCT_NAME = Task3;
				SDKROOT = macosx;
				SWIFT_EMIT_LOC_STRINGS = YES;
				SWIFT_VERSION = 5.0;
			};
			name = Debug;
		};
		5219B28F28D455D300BF4C02 /* Release */ = {
			isa = XCBuildConfiguration;
			buildSettings = {
				ASSETCATALOG_COMPILER_APPICON_NAME = AppIcon;
				ASSETCATALOG_COMPILER_GLOBAL_ACCENT_COLOR_NAME = AccentColor;
				CODE_SIGN_ENTITLEMENTS = macOS/macOS.entitlements;
				CODE_SIGN_STYLE = Automatic;
				COMBINE_HIDPI_IMAGES = YES;
				CURRENT_PROJECT_VERSION = 1;
				ENABLE_PREVIEWS = YES;
				GENERATE_INFOPLIST_FILE = YES;
				INFOPLIST_KEY_NSHumanReadableCopyright = "";
				LD_RUNPATH_SEARCH_PATHS = (
					"$(inherited)",
					"@executable_path/../Frameworks",
				);
				MACOSX_DEPLOYMENT_TARGET = 12.3;
				MARKETING_VERSION = 1.0;
				PRODUCT_BUNDLE_IDENTIFIER = com.skyraan.swiftUIsection1.Task3;
				PRODUCT_NAME = Task3;
				SDKROOT = macosx;
				SWIFT_EMIT_LOC_STRINGS = YES;
				SWIFT_VERSION = 5.0;
			};
			name = Release;
		};
		5219B29128D455D300BF4C02 /* Debug */ = {
			isa = XCBuildConfiguration;
			buildSettings = {
				ALWAYS_EMBED_SWIFT_STANDARD_LIBRARIES = YES;
				CODE_SIGN_STYLE = Automatic;
				CURRENT_PROJECT_VERSION = 1;
				GENERATE_INFOPLIST_FILE = YES;
				IPHONEOS_DEPLOYMENT_TARGET = 15.5;
				MARKETING_VERSION = 1.0;
				PRODUCT_BUNDLE_IDENTIFIER = "com.skyraan.swiftUIsection1.Tests-iOS";
				PRODUCT_NAME = "$(TARGET_NAME)";
				SDKROOT = iphoneos;
				SWIFT_EMIT_LOC_STRINGS = NO;
				SWIFT_VERSION = 5.0;
				TARGETED_DEVICE_FAMILY = "1,2";
				TEST_TARGET_NAME = "Task3 (iOS)";
			};
			name = Debug;
		};
		5219B29228D455D300BF4C02 /* Release */ = {
			isa = XCBuildConfiguration;
			buildSettings = {
				ALWAYS_EMBED_SWIFT_STANDARD_LIBRARIES = YES;
				CODE_SIGN_STYLE = Automatic;
				CURRENT_PROJECT_VERSION = 1;
				GENERATE_INFOPLIST_FILE = YES;
				IPHONEOS_DEPLOYMENT_TARGET = 15.5;
				MARKETING_VERSION = 1.0;
				PRODUCT_BUNDLE_IDENTIFIER = "com.skyraan.swiftUIsection1.Tests-iOS";
				PRODUCT_NAME = "$(TARGET_NAME)";
				SDKROOT = iphoneos;
				SWIFT_EMIT_LOC_STRINGS = NO;
				SWIFT_VERSION = 5.0;
				TARGETED_DEVICE_FAMILY = "1,2";
				TEST_TARGET_NAME = "Task3 (iOS)";
				VALIDATE_PRODUCT = YES;
			};
			name = Release;
		};
		5219B29428D455D300BF4C02 /* Debug */ = {
			isa = XCBuildConfiguration;
			buildSettings = {
				ALWAYS_EMBED_SWIFT_STANDARD_LIBRARIES = YES;
				CODE_SIGN_STYLE = Automatic;
				CURRENT_PROJECT_VERSION = 1;
				GENERATE_INFOPLIST_FILE = YES;
				MACOSX_DEPLOYMENT_TARGET = 12.3;
				MARKETING_VERSION = 1.0;
				PRODUCT_BUNDLE_IDENTIFIER = "com.skyraan.swiftUIsection1.Tests-macOS";
				PRODUCT_NAME = "$(TARGET_NAME)";
				SDKROOT = macosx;
				SWIFT_EMIT_LOC_STRINGS = NO;
				SWIFT_VERSION = 5.0;
				TEST_TARGET_NAME = "Task3 (macOS)";
			};
			name = Debug;
		};
		5219B29528D455D300BF4C02 /* Release */ = {
			isa = XCBuildConfiguration;
			buildSettings = {
				ALWAYS_EMBED_SWIFT_STANDARD_LIBRARIES = YES;
				CODE_SIGN_STYLE = Automatic;
				CURRENT_PROJECT_VERSION = 1;
				GENERATE_INFOPLIST_FILE = YES;
				MACOSX_DEPLOYMENT_TARGET = 12.3;
				MARKETING_VERSION = 1.0;
				PRODUCT_BUNDLE_IDENTIFIER = "com.skyraan.swiftUIsection1.Tests-macOS";
				PRODUCT_NAME = "$(TARGET_NAME)";
				SDKROOT = macosx;
				SWIFT_EMIT_LOC_STRINGS = NO;
				SWIFT_VERSION = 5.0;
				TEST_TARGET_NAME = "Task3 (macOS)";
			};
			name = Release;
		};
/* End XCBuildConfiguration section */

/* Begin XCConfigurationList section */
		5219B25828D455D100BF4C02 /* Build configuration list for PBXProject "Task3" */ = {
			isa = XCConfigurationList;
			buildConfigurations = (
				5219B28828D455D300BF4C02 /* Debug */,
				5219B28928D455D300BF4C02 /* Release */,
			);
			defaultConfigurationIsVisible = 0;
			defaultConfigurationName = Release;
		};
		5219B28A28D455D300BF4C02 /* Build configuration list for PBXNativeTarget "Task3 (iOS)" */ = {
			isa = XCConfigurationList;
			buildConfigurations = (
				5219B28B28D455D300BF4C02 /* Debug */,
				5219B28C28D455D300BF4C02 /* Release */,
			);
			defaultConfigurationIsVisible = 0;
			defaultConfigurationName = Release;
		};
		5219B28D28D455D300BF4C02 /* Build configuration list for PBXNativeTarget "Task3 (macOS)" */ = {
			isa = XCConfigurationList;
			buildConfigurations = (
				5219B28E28D455D300BF4C02 /* Debug */,
				5219B28F28D455D300BF4C02 /* Release */,
			);
			defaultConfigurationIsVisible = 0;
			defaultConfigurationName = Release;
		};
		5219B29028D455D300BF4C02 /* Build configuration list for PBXNativeTarget "Tests iOS" */ = {
			isa = XCConfigurationList;
			buildConfigurations = (
				5219B29128D455D300BF4C02 /* Debug */,
				5219B29228D455D300BF4C02 /* Release */,
			);
			defaultConfigurationIsVisible = 0;
			defaultConfigurationName = Release;
		};
		5219B29328D455D300BF4C02 /* Build configuration list for PBXNativeTarget "Tests macOS" */ = {
			isa = XCConfigurationList;
			buildConfigurations = (
				5219B29428D455D300BF4C02 /* Debug */,
				5219B29528D455D300BF4C02 /* Release */,
			);
			defaultConfigurationIsVisible = 0;
			defaultConfigurationName = Release;
		};
/* End XCConfigurationList section */
	};
	rootObject = 5219B25528D455D100BF4C02 /* Project object */;
}
